// !$*UTF8*$!
{
	archiveVersion = 1;
	classes = {
	};
	objectVersion = 50;
	objects = {

/* Begin PBXBuildFile section */
		6B6AC7F57FAD352BD9D77685 /* Pods_Delegate.framework in Frameworks */ = {isa = PBXBuildFile; fileRef = 4407596842FE376684218C1D /* Pods_Delegate.framework */; };
		A660DCC025A5917D00EDC180 /* AppDelegate.swift in Sources */ = {isa = PBXBuildFile; fileRef = A660DCBF25A5917D00EDC180 /* AppDelegate.swift */; };
		A660DCC225A5917D00EDC180 /* SceneDelegate.swift in Sources */ = {isa = PBXBuildFile; fileRef = A660DCC125A5917D00EDC180 /* SceneDelegate.swift */; };
		A660DCC425A5917D00EDC180 /* ViewController.swift in Sources */ = {isa = PBXBuildFile; fileRef = A660DCC325A5917D00EDC180 /* ViewController.swift */; };
		A660DCC725A5917D00EDC180 /* Main.storyboard in Resources */ = {isa = PBXBuildFile; fileRef = A660DCC525A5917D00EDC180 /* Main.storyboard */; };
		A660DCC925A5917E00EDC180 /* Assets.xcassets in Resources */ = {isa = PBXBuildFile; fileRef = A660DCC825A5917E00EDC180 /* Assets.xcassets */; };
		A660DCCC25A5917E00EDC180 /* LaunchScreen.storyboard in Resources */ = {isa = PBXBuildFile; fileRef = A660DCCA25A5917E00EDC180 /* LaunchScreen.storyboard */; };
		A660DCD925A5928500EDC180 /* Hospital.swift in Sources */ = {isa = PBXBuildFile; fileRef = A660DCD825A5928500EDC180 /* Hospital.swift */; };
/* End PBXBuildFile section */

/* Begin PBXFileReference section */
		4407596842FE376684218C1D /* Pods_Delegate.framework */ = {isa = PBXFileReference; explicitFileType = wrapper.framework; includeInIndex = 0; path = Pods_Delegate.framework; sourceTree = BUILT_PRODUCTS_DIR; };
		84C0593B4F77D32EE5487624 /* Pods-Delegate.debug.xcconfig */ = {isa = PBXFileReference; includeInIndex = 1; lastKnownFileType = text.xcconfig; name = "Pods-Delegate.debug.xcconfig"; path = "Target Support Files/Pods-Delegate/Pods-Delegate.debug.xcconfig"; sourceTree = "<group>"; };
		A660DCBC25A5917D00EDC180 /* Delegate.app */ = {isa = PBXFileReference; explicitFileType = wrapper.application; includeInIndex = 0; path = Delegate.app; sourceTree = BUILT_PRODUCTS_DIR; };
		A660DCBF25A5917D00EDC180 /* AppDelegate.swift */ = {isa = PBXFileReference; lastKnownFileType = sourcecode.swift; path = AppDelegate.swift; sourceTree = "<group>"; };
		A660DCC125A5917D00EDC180 /* SceneDelegate.swift */ = {isa = PBXFileReference; lastKnownFileType = sourcecode.swift; path = SceneDelegate.swift; sourceTree = "<group>"; };
		A660DCC325A5917D00EDC180 /* ViewController.swift */ = {isa = PBXFileReference; lastKnownFileType = sourcecode.swift; path = ViewController.swift; sourceTree = "<group>"; };
		A660DCC625A5917D00EDC180 /* Base */ = {isa = PBXFileReference; lastKnownFileType = file.storyboard; name = Base; path = Base.lproj/Main.storyboard; sourceTree = "<group>"; };
		A660DCC825A5917E00EDC180 /* Assets.xcassets */ = {isa = PBXFileReference; lastKnownFileType = folder.assetcatalog; path = Assets.xcassets; sourceTree = "<group>"; };
		A660DCCB25A5917E00EDC180 /* Base */ = {isa = PBXFileReference; lastKnownFileType = file.storyboard; name = Base; path = Base.lproj/LaunchScreen.storyboard; sourceTree = "<group>"; };
		A660DCCD25A5917E00EDC180 /* Info.plist */ = {isa = PBXFileReference; lastKnownFileType = text.plist.xml; path = Info.plist; sourceTree = "<group>"; };
		A660DCD825A5928500EDC180 /* Hospital.swift */ = {isa = PBXFileReference; lastKnownFileType = sourcecode.swift; path = Hospital.swift; sourceTree = "<group>"; };
		B454804E87F19F97B1334B40 /* Pods-Delegate.release.xcconfig */ = {isa = PBXFileReference; includeInIndex = 1; lastKnownFileType = text.xcconfig; name = "Pods-Delegate.release.xcconfig"; path = "Target Support Files/Pods-Delegate/Pods-Delegate.release.xcconfig"; sourceTree = "<group>"; };
/* End PBXFileReference section */

/* Begin PBXFrameworksBuildPhase section */
		A660DCB925A5917D00EDC180 /* Frameworks */ = {
			isa = PBXFrameworksBuildPhase;
			buildActionMask = 2147483647;
			files = (
				6B6AC7F57FAD352BD9D77685 /* Pods_Delegate.framework in Frameworks */,
			);
			runOnlyForDeploymentPostprocessing = 0;
		};
/* End PBXFrameworksBuildPhase section */

/* Begin PBXGroup section */
		2A26FDE4DC9FAF606428D72E /* Frameworks */ = {
			isa = PBXGroup;
			children = (
				4407596842FE376684218C1D /* Pods_Delegate.framework */,
			);
			name = Frameworks;
			sourceTree = "<group>";
		};
		6999D461F208E7FE0E114B4F /* Pods */ = {
			isa = PBXGroup;
			children = (
				84C0593B4F77D32EE5487624 /* Pods-Delegate.debug.xcconfig */,
				B454804E87F19F97B1334B40 /* Pods-Delegate.release.xcconfig */,
			);
			path = Pods;
			sourceTree = "<group>";
		};
		A660DCB325A5917D00EDC180 = {
			isa = PBXGroup;
			children = (
				A660DCBE25A5917D00EDC180 /* Delegate */,
				A660DCBD25A5917D00EDC180 /* Products */,
				6999D461F208E7FE0E114B4F /* Pods */,
				2A26FDE4DC9FAF606428D72E /* Frameworks */,
			);
			sourceTree = "<group>";
		};
		A660DCBD25A5917D00EDC180 /* Products */ = {
			isa = PBXGroup;
			children = (
				A660DCBC25A5917D00EDC180 /* Delegate.app */,
			);
			name = Products;
			sourceTree = "<group>";
		};
		A660DCBE25A5917D00EDC180 /* Delegate */ = {
			isa = PBXGroup;
			children = (
				A660DCBF25A5917D00EDC180 /* AppDelegate.swift */,
				A660DCC125A5917D00EDC180 /* SceneDelegate.swift */,
				A660DCC325A5917D00EDC180 /* ViewController.swift */,
				A660DCD825A5928500EDC180 /* Hospital.swift */,
				A660DCC525A5917D00EDC180 /* Main.storyboard */,
				A660DCC825A5917E00EDC180 /* Assets.xcassets */,
				A660DCCA25A5917E00EDC180 /* LaunchScreen.storyboard */,
				A660DCCD25A5917E00EDC180 /* Info.plist */,
			);
			path = Delegate;
			sourceTree = "<group>";
		};
/* End PBXGroup section */

/* Begin PBXNativeTarget section */
		A660DCBB25A5917D00EDC180 /* Delegate */ = {
			isa = PBXNativeTarget;
			buildConfigurationList = A660DCD025A5917E00EDC180 /* Build configuration list for PBXNativeTarget "Delegate" */;
			buildPhases = (
				B71DC09D5565CD0EAFB8C4DE /* [CP] Check Pods Manifest.lock */,
				A660DCB825A5917D00EDC180 /* Sources */,
				A660DCB925A5917D00EDC180 /* Frameworks */,
				A660DCBA25A5917D00EDC180 /* Resources */,
				A660DCD425A5919600EDC180 /* ShellScript */,
			);
			buildRules = (
			);
			dependencies = (
			);
			name = Delegate;
			productName = Delegate;
			productReference = A660DCBC25A5917D00EDC180 /* Delegate.app */;
			productType = "com.apple.product-type.application";
		};
/* End PBXNativeTarget section */

/* Begin PBXProject section */
		A660DCB425A5917D00EDC180 /* Project object */ = {
			isa = PBXProject;
			attributes = {
				LastSwiftUpdateCheck = 1220;
				LastUpgradeCheck = 1220;
				TargetAttributes = {
					A660DCBB25A5917D00EDC180 = {
						CreatedOnToolsVersion = 12.2;
					};
				};
			};
			buildConfigurationList = A660DCB725A5917D00EDC180 /* Build configuration list for PBXProject "Delegate" */;
			compatibilityVersion = "Xcode 9.3";
			developmentRegion = en;
			hasScannedForEncodings = 0;
			knownRegions = (
				en,
				Base,
			);
			mainGroup = A660DCB325A5917D00EDC180;
			productRefGroup = A660DCBD25A5917D00EDC180 /* Products */;
			projectDirPath = "";
			projectRoot = "";
			targets = (
				A660DCBB25A5917D00EDC180 /* Delegate */,
			);
		};
/* End PBXProject section */

/* Begin PBXResourcesBuildPhase section */
		A660DCBA25A5917D00EDC180 /* Resources */ = {
			isa = PBXResourcesBuildPhase;
			buildActionMask = 2147483647;
			files = (
				A660DCCC25A5917E00EDC180 /* LaunchScreen.storyboard in Resources */,
				A660DCC925A5917E00EDC180 /* Assets.xcassets in Resources */,
				A660DCC725A5917D00EDC180 /* Main.storyboard in Resources */,
			);
			runOnlyForDeploymentPostprocessing = 0;
		};
/* End PBXResourcesBuildPhase section */

/* Begin PBXShellScriptBuildPhase section */
		A660DCD425A5919600EDC180 /* ShellScript */ = {
			isa = PBXShellScriptBuildPhase;
			buildActionMask = 2147483647;
			files = (
			);
			inputFileListPaths = (
			);
			inputPaths = (
			);
			outputFileListPaths = (
			);
			outputPaths = (
			);
			runOnlyForDeploymentPostprocessing = 0;
			shellPath = /bin/sh;
			shellScript = "# Type a script or drag a script file from your workspace to insert its path.\nif which \"${PODS_ROOT}/SwiftLint/swiftlint\" >/dev/null; then\n    \"${PODS_ROOT}/SwiftLint/swiftlint\" --quiet --config \"swiftlint.yml\"\nelse\n  echo \"error: SwiftLint does not exist, upadate CocoaPods (use 'pod install')\"\n  exit 1\nfi\n";
		};
		B71DC09D5565CD0EAFB8C4DE /* [CP] Check Pods Manifest.lock */ = {
			isa = PBXShellScriptBuildPhase;
			buildActionMask = 2147483647;
			files = (
			);
			inputFileListPaths = (
			);
			inputPaths = (
				"${PODS_PODFILE_DIR_PATH}/Podfile.lock",
				"${PODS_ROOT}/Manifest.lock",
			);
			name = "[CP] Check Pods Manifest.lock";
			outputFileListPaths = (
			);
			outputPaths = (
				"$(DERIVED_FILE_DIR)/Pods-Delegate-checkManifestLockResult.txt",
			);
			runOnlyForDeploymentPostprocessing = 0;
			shellPath = /bin/sh;
			shellScript = "diff \"${PODS_PODFILE_DIR_PATH}/Podfile.lock\" \"${PODS_ROOT}/Manifest.lock\" > /dev/null\nif [ $? != 0 ] ; then\n    # print error to STDERR\n    echo \"error: The sandbox is not in sync with the Podfile.lock. Run 'pod install' or update your CocoaPods installation.\" >&2\n    exit 1\nfi\n# This output is used by Xcode 'outputs' to avoid re-running this script phase.\necho \"SUCCESS\" > \"${SCRIPT_OUTPUT_FILE_0}\"\n";
			showEnvVarsInLog = 0;
		};
/* End PBXShellScriptBuildPhase section */

/* Begin PBXSourcesBuildPhase section */
		A660DCB825A5917D00EDC180 /* Sources */ = {
			isa = PBXSourcesBuildPhase;
			buildActionMask = 2147483647;
			files = (
				A660DCC425A5917D00EDC180 /* ViewController.swift in Sources */,
				A660DCD925A5928500EDC180 /* Hospital.swift in Sources */,
				A660DCC025A5917D00EDC180 /* AppDelegate.swift in Sources */,
				A660DCC225A5917D00EDC180 /* SceneDelegate.swift in Sources */,
			);
			runOnlyForDeploymentPostprocessing = 0;
		};
/* End PBXSourcesBuildPhase section */

/* Begin PBXVariantGroup section */
		A660DCC525A5917D00EDC180 /* Main.storyboard */ = {
			isa = PBXVariantGroup;
			children = (
				A660DCC625A5917D00EDC180 /* Base */,
			);
			name = Main.storyboard;
			sourceTree = "<group>";
		};
		A660DCCA25A5917E00EDC180 /* LaunchScreen.storyboard */ = {
			isa = PBXVariantGroup;
			children = (
				A660DCCB25A5917E00EDC180 /* Base */,
			);
			name = LaunchScreen.storyboard;
			sourceTree = "<group>";
		};
/* End PBXVariantGroup section */

/* Begin XCBuildConfiguration section */
		A660DCCE25A5917E00EDC180 /* Debug */ = {
			isa = XCBuildConfiguration;
			buildSettings = {
				ALWAYS_SEARCH_USER_PATHS = NO;
				CLANG_ANALYZER_NONNULL = YES;
				CLANG_ANALYZER_NUMBER_OBJECT_CONVERSION = YES_AGGRESSIVE;
				CLANG_CXX_LANGUAGE_STANDARD = "gnu++14";
				CLANG_CXX_LIBRARY = "libc++";
				CLANG_ENABLE_MODULES = YES;
				CLANG_ENABLE_OBJC_ARC = YES;
				CLANG_ENABLE_OBJC_WEAK = YES;
				CLANG_WARN_BLOCK_CAPTURE_AUTORELEASING = YES;
				CLANG_WARN_BOOL_CONVERSION = YES;
				CLANG_WARN_COMMA = YES;
				CLANG_WARN_CONSTANT_CONVERSION = YES;
				CLANG_WARN_DEPRECATED_OBJC_IMPLEMENTATIONS = YES;
				CLANG_WARN_DIRECT_OBJC_ISA_USAGE = YES_ERROR;
				CLANG_WARN_DOCUMENTATION_COMMENTS = YES;
				CLANG_WARN_EMPTY_BODY = YES;
				CLANG_WARN_ENUM_CONVERSION = YES;
				CLANG_WARN_INFINITE_RECURSION = YES;
				CLANG_WARN_INT_CONVERSION = YES;
				CLANG_WARN_NON_LITERAL_NULL_CONVERSION = YES;
				CLANG_WARN_OBJC_IMPLICIT_RETAIN_SELF = YES;
				CLANG_WARN_OBJC_LITERAL_CONVERSION = YES;
				CLANG_WARN_OBJC_ROOT_CLASS = YES_ERROR;
				CLANG_WARN_QUOTED_INCLUDE_IN_FRAMEWORK_HEADER = YES;
				CLANG_WARN_RANGE_LOOP_ANALYSIS = YES;
				CLANG_WARN_STRICT_PROTOTYPES = YES;
				CLANG_WARN_SUSPICIOUS_MOVE = YES;
				CLANG_WARN_UNGUARDED_AVAILABILITY = YES_AGGRESSIVE;
				CLANG_WARN_UNREACHABLE_CODE = YES;
				CLANG_WARN__DUPLICATE_METHOD_MATCH = YES;
				COPY_PHASE_STRIP = NO;
				DEBUG_INFORMATION_FORMAT = dwarf;
				ENABLE_STRICT_OBJC_MSGSEND = YES;
				ENABLE_TESTABILITY = YES;
				GCC_C_LANGUAGE_STANDARD = gnu11;
				GCC_DYNAMIC_NO_PIC = NO;
				GCC_NO_COMMON_BLOCKS = YES;
				GCC_OPTIMIZATION_LEVEL = 0;
				GCC_PREPROCESSOR_DEFINITIONS = (
					"DEBUG=1",
					"$(inherited)",
				);
				GCC_WARN_64_TO_32_BIT_CONVERSION = YES;
				GCC_WARN_ABOUT_RETURN_TYPE = YES_ERROR;
				GCC_WARN_UNDECLARED_SELECTOR = YES;
				GCC_WARN_UNINITIALIZED_AUTOS = YES_AGGRESSIVE;
				GCC_WARN_UNUSED_FUNCTION = YES;
				GCC_WARN_UNUSED_VARIABLE = YES;
				IPHONEOS_DEPLOYMENT_TARGET = 14.2;
				MTL_ENABLE_DEBUG_INFO = INCLUDE_SOURCE;
				MTL_FAST_MATH = YES;
				ONLY_ACTIVE_ARCH = YES;
				SDKROOT = iphoneos;
				SWIFT_ACTIVE_COMPILATION_CONDITIONS = DEBUG;
				SWIFT_OPTIMIZATION_LEVEL = "-Onone";
			};
			name = Debug;
		};
		A660DCCF25A5917E00EDC180 /* Release */ = {
			isa = XCBuildConfiguration;
			buildSettings = {
				ALWAYS_SEARCH_USER_PATHS = NO;
				CLANG_ANALYZER_NONNULL = YES;
				CLANG_ANALYZER_NUMBER_OBJECT_CONVERSION = YES_AGGRESSIVE;
				CLANG_CXX_LANGUAGE_STANDARD = "gnu++14";
				CLANG_CXX_LIBRARY = "libc++";
				CLANG_ENABLE_MODULES = YES;
				CLANG_ENABLE_OBJC_ARC = YES;
				CLANG_ENABLE_OBJC_WEAK = YES;
				CLANG_WARN_BLOCK_CAPTURE_AUTORELEASING = YES;
				CLANG_WARN_BOOL_CONVERSION = YES;
				CLANG_WARN_COMMA = YES;
				CLANG_WARN_CONSTANT_CONVERSION = YES;
				CLANG_WARN_DEPRECATED_OBJC_IMPLEMENTATIONS = YES;
				CLANG_WARN_DIRECT_OBJC_ISA_USAGE = YES_ERROR;
				CLANG_WARN_DOCUMENTATION_COMMENTS = YES;
				CLANG_WARN_EMPTY_BODY = YES;
				CLANG_WARN_ENUM_CONVERSION = YES;
				CLANG_WARN_INFINITE_RECURSION = YES;
				CLANG_WARN_INT_CONVERSION = YES;
				CLANG_WARN_NON_LITERAL_NULL_CONVERSION = YES;
				CLANG_WARN_OBJC_IMPLICIT_RETAIN_SELF = YES;
				CLANG_WARN_OBJC_LITERAL_CONVERSION = YES;
				CLANG_WARN_OBJC_ROOT_CLASS = YES_ERROR;
				CLANG_WARN_QUOTED_INCLUDE_IN_FRAMEWORK_HEADER = YES;
				CLANG_WARN_RANGE_LOOP_ANALYSIS = YES;
				CLANG_WARN_STRICT_PROTOTYPES = YES;
				CLANG_WARN_SUSPICIOUS_MOVE = YES;
				CLANG_WARN_UNGUARDED_AVAILABILITY = YES_AGGRESSIVE;
				CLANG_WARN_UNREACHABLE_CODE = YES;
				CLANG_WARN__DUPLICATE_METHOD_MATCH = YES;
				COPY_PHASE_STRIP = NO;
				DEBUG_INFORMATION_FORMAT = "dwarf-with-dsym";
				ENABLE_NS_ASSERTIONS = NO;
				ENABLE_STRICT_OBJC_MSGSEND = YES;
				GCC_C_LANGUAGE_STANDARD = gnu11;
				GCC_NO_COMMON_BLOCKS = YES;
				GCC_WARN_64_TO_32_BIT_CONVERSION = YES;
				GCC_WARN_ABOUT_RETURN_TYPE = YES_ERROR;
				GCC_WARN_UNDECLARED_SELECTOR = YES;
				GCC_WARN_UNINITIALIZED_AUTOS = YES_AGGRESSIVE;
				GCC_WARN_UNUSED_FUNCTION = YES;
				GCC_WARN_UNUSED_VARIABLE = YES;
				IPHONEOS_DEPLOYMENT_TARGET = 14.2;
				MTL_ENABLE_DEBUG_INFO = NO;
				MTL_FAST_MATH = YES;
				SDKROOT = iphoneos;
				SWIFT_COMPILATION_MODE = wholemodule;
				SWIFT_OPTIMIZATION_LEVEL = "-O";
				VALIDATE_PRODUCT = YES;
			};
			name = Release;
		};
		A660DCD125A5917E00EDC180 /* Debug */ = {
			isa = XCBuildConfiguration;
			baseConfigurationReference = 84C0593B4F77D32EE5487624 /* Pods-Delegate.debug.xcconfig */;
			buildSettings = {
				ASSETCATALOG_COMPILER_APPICON_NAME = AppIcon;
				ASSETCATALOG_COMPILER_GLOBAL_ACCENT_COLOR_NAME = AccentColor;
				CODE_SIGN_STYLE = Automatic;
				DEVELOPMENT_TEAM = 4BRHUVT595;
				INFOPLIST_FILE = Delegate/Info.plist;
				LD_RUNPATH_SEARCH_PATHS = (
					"$(inherited)",
					"@executable_path/Frameworks",
				);
				PRODUCT_BUNDLE_IDENTIFIER = Harbros.Delegate;
				PRODUCT_NAME = "$(TARGET_NAME)";
				SWIFT_VERSION = 5.0;
				TARGETED_DEVICE_FAMILY = "1,2";
			};
			name = Debug;
		};
		A660DCD225A5917E00EDC180 /* Release */ = {
			isa = XCBuildConfiguration;
			baseConfigurationReference = B454804E87F19F97B1334B40 /* Pods-Delegate.release.xcconfig */;
			buildSettings = {
				ASSETCATALOG_COMPILER_APPICON_NAME = AppIcon;
				ASSETCATALOG_COMPILER_GLOBAL_ACCENT_COLOR_NAME = AccentColor;
				CODE_SIGN_STYLE = Automatic;
				DEVELOPMENT_TEAM = 4BRHUVT595;
				INFOPLIST_FILE = Delegate/Info.plist;
				LD_RUNPATH_SEARCH_PATHS = (
					"$(inherited)",
					"@executable_path/Frameworks",
				);
				PRODUCT_BUNDLE_IDENTIFIER = Harbros.Delegate;
				PRODUCT_NAME = "$(TARGET_NAME)";
				SWIFT_VERSION = 5.0;
				TARGETED_DEVICE_FAMILY = "1,2";
			};
			name = Release;
		};
/* End XCBuildConfiguration section */

/* Begin XCConfigurationList section */
		A660DCB725A5917D00EDC180 /* Build configuration list for PBXProject "Delegate" */ = {
			isa = XCConfigurationList;
			buildConfigurations = (
				A660DCCE25A5917E00EDC180 /* Debug */,
				A660DCCF25A5917E00EDC180 /* Release */,
			);
			defaultConfigurationIsVisible = 0;
			defaultConfigurationName = Release;
		};
		A660DCD025A5917E00EDC180 /* Build configuration list for PBXNativeTarget "Delegate" */ = {
			isa = XCConfigurationList;
			buildConfigurations = (
				A660DCD125A5917E00EDC180 /* Debug */,
				A660DCD225A5917E00EDC180 /* Release */,
			);
			defaultConfigurationIsVisible = 0;
			defaultConfigurationName = Release;
		};
/* End XCConfigurationList section */
	};
	rootObject = A660DCB425A5917D00EDC180 /* Project object */;
}
